# THIS IS AN AUTOGENERATED FILE. DO NOT EDIT THIS FILE DIRECTLY.
# yarn lockfile v1


"@ckeditor/ckeditor5-adapter-ckfinder@^29.2.0":
  version "29.2.0"
  resolved "https://registry.yarnpkg.com/@ckeditor/ckeditor5-adapter-ckfinder/-/ckeditor5-adapter-ckfinder-29.2.0.tgz#7348dd4dd58e1856b517d0abb30c44dfb3351aee"
  integrity sha512-u8udllfP3RhmA415ZPCqgNw94M0fT/URL4r82f4zgOLTtR/cvP3MBgJzYj6EMRm+MGb5889HYjz6AXCrGKn2eQ==
  dependencies:
    ckeditor5 "^29.2.0"

"@ckeditor/ckeditor5-autoformat@^29.2.0":
  version "29.2.0"
  resolved "https://registry.yarnpkg.com/@ckeditor/ckeditor5-autoformat/-/ckeditor5-autoformat-29.2.0.tgz#054d10a0208c9cd48a064924a6b3872621e640e6"
  integrity sha512-dFy4jNqo/1Ikbo3CVwH30m0O5XyD0e0JkdQPjsrR7TY0/oV0AVHXv2UgKzDlScR9hWUstBE28w+O/1wnZaRESg==
  dependencies:
    ckeditor5 "^29.2.0"

"@ckeditor/ckeditor5-basic-styles@^29.2.0":
  version "29.2.0"
  resolved "https://registry.yarnpkg.com/@ckeditor/ckeditor5-basic-styles/-/ckeditor5-basic-styles-29.2.0.tgz#917f4e151861c25630c6455722a5109604e3f39f"
  integrity sha512-Sd5aj4Gd9HBEee/n+Gbd6km7RmsUMQAolrDHsSq3jXdb4tY98IF98scKkln7SyYJ/rF4NBadpCVLSMoE+17Qkw==
  dependencies:
    ckeditor5 "^29.2.0"

"@ckeditor/ckeditor5-block-quote@^29.2.0":
  version "29.2.0"
  resolved "https://registry.yarnpkg.com/@ckeditor/ckeditor5-block-quote/-/ckeditor5-block-quote-29.2.0.tgz#9174ba7570f396cc6d7043cb1f25145ab45dcf69"
  integrity sha512-W86EarJFvxmIjxiJdU/ReYzNCuAFPGksV10XF8nMr2Jd/DtVfOAqoN4GgLaE1cJ/ES0IL6fcs1kxUX+I8BMA+g==
  dependencies:
    ckeditor5 "^29.2.0"

"@ckeditor/ckeditor5-build-classic@^29.2.0":
  version "29.2.0"
  resolved "https://registry.yarnpkg.com/@ckeditor/ckeditor5-build-classic/-/ckeditor5-build-classic-29.2.0.tgz#0fa4e51c1a70d3f2a2e188c07b8835c3ed0005f7"
  integrity sha512-Hoysq4JxTpepfKknOklBwnjamOCLMhdRyKUT9j/slJzBbPgcxcJEooxD0iL8viBVJzXGHCVJltoNgNsQh4CaDQ==
  dependencies:
    "@ckeditor/ckeditor5-adapter-ckfinder" "^29.2.0"
    "@ckeditor/ckeditor5-autoformat" "^29.2.0"
    "@ckeditor/ckeditor5-basic-styles" "^29.2.0"
    "@ckeditor/ckeditor5-block-quote" "^29.2.0"
    "@ckeditor/ckeditor5-ckfinder" "^29.2.0"
    "@ckeditor/ckeditor5-cloud-services" "^29.2.0"
    "@ckeditor/ckeditor5-easy-image" "^29.2.0"
    "@ckeditor/ckeditor5-editor-classic" "^29.2.0"
    "@ckeditor/ckeditor5-essentials" "^29.2.0"
    "@ckeditor/ckeditor5-heading" "^29.2.0"
    "@ckeditor/ckeditor5-image" "^29.2.0"
    "@ckeditor/ckeditor5-indent" "^29.2.0"
    "@ckeditor/ckeditor5-link" "^29.2.0"
    "@ckeditor/ckeditor5-list" "^29.2.0"
    "@ckeditor/ckeditor5-media-embed" "^29.2.0"
    "@ckeditor/ckeditor5-paragraph" "^29.2.0"
    "@ckeditor/ckeditor5-paste-from-office" "^29.2.0"
    "@ckeditor/ckeditor5-table" "^29.2.0"
    "@ckeditor/ckeditor5-typing" "^29.2.0"

"@ckeditor/ckeditor5-ckfinder@^29.2.0":
  version "29.2.0"
  resolved "https://registry.yarnpkg.com/@ckeditor/ckeditor5-ckfinder/-/ckeditor5-ckfinder-29.2.0.tgz#41bf1be7651ca47e77d11b6b5794cb355f02cb75"
  integrity sha512-JXxLes9ztvUeqO/lsoxfkb6f9/NFlO8Hu0v+Flh3WfExcEhvQYTAJBLyWKzfAM8/+arlwMtxRPXJumV1xysWtQ==
  dependencies:
    ckeditor5 "^29.2.0"

"@ckeditor/ckeditor5-clipboard@^29.2.0":
  version "29.2.0"
  resolved "https://registry.yarnpkg.com/@ckeditor/ckeditor5-clipboard/-/ckeditor5-clipboard-29.2.0.tgz#c2a9d79713232fc1a311d98e63615227fa0e1e6a"
  integrity sha512-LT0EKQI4SF/m4+1h27wxXi7F6ounVnKzVComdQM/1Ev8nGFP2fD3RSBGmOSfUAl3w1XCiJSqjIm/AUp7D15qig==
  dependencies:
    "@ckeditor/ckeditor5-core" "^29.2.0"
    "@ckeditor/ckeditor5-engine" "^29.2.0"
    "@ckeditor/ckeditor5-utils" "^29.2.0"
    "@ckeditor/ckeditor5-widget" "^29.2.0"
    lodash-es "^4.17.11"

"@ckeditor/ckeditor5-cloud-services@^29.2.0":
  version "29.2.0"
  resolved "https://registry.yarnpkg.com/@ckeditor/ckeditor5-cloud-services/-/ckeditor5-cloud-services-29.2.0.tgz#7157703f17c203a14e3338ae37eaaf9791ff4584"
  integrity sha512-6KQv2UyhWBpVZKkWwi1CPpa9r9cMEEyLgqSfFtJMlmK7FApcHpNqtuGQbpLjOWXcN6AQuOM5l48iBhbS6xbMEQ==
  dependencies:
    ckeditor5 "^29.2.0"

"@ckeditor/ckeditor5-core@^29.2.0":
  version "29.2.0"
  resolved "https://registry.yarnpkg.com/@ckeditor/ckeditor5-core/-/ckeditor5-core-29.2.0.tgz#3090e125e3f24ee5c7bcce15170b6f955efb86e0"
  integrity sha512-uHLKkbVGRpDkx4y2MYfjfqh2sFrwsKVXwoZ5pflQ0biutwpoeGdwY9rLYeBMI8h8V37M97yVc9UBYSnuDAE5SA==
  dependencies:
    "@ckeditor/ckeditor5-engine" "^29.2.0"
    "@ckeditor/ckeditor5-ui" "^29.2.0"
    "@ckeditor/ckeditor5-utils" "^29.2.0"
    lodash-es "^4.17.15"

"@ckeditor/ckeditor5-easy-image@^29.2.0":
  version "29.2.0"
  resolved "https://registry.yarnpkg.com/@ckeditor/ckeditor5-easy-image/-/ckeditor5-easy-image-29.2.0.tgz#cc06f382008ebe2474d412929a842151fbd8fc4d"
  integrity sha512-yYlZsWW3U6f6dbkbz6UFet9Kx9M5TpIteIwqsQOQ/tq3mnaeFq4vu1fRPtHdBfhNeLDHisQC5h2nbKnn2phseQ==
  dependencies:
    ckeditor5 "^29.2.0"

"@ckeditor/ckeditor5-editor-classic@^29.2.0":
  version "29.2.0"
  resolved "https://registry.yarnpkg.com/@ckeditor/ckeditor5-editor-classic/-/ckeditor5-editor-classic-29.2.0.tgz#b2578bfce7f49fc68c5cf28d997ffc1046cb842c"
  integrity sha512-6XY9p+aY4K54pHigxaL6nJMJ4C9XXYOQmDORRrwyxsUuBKwCl5kA4VwVc8+fquCium/lt13pcV3t2BctIR3r0A==
  dependencies:
    ckeditor5 "^29.2.0"
    lodash-es "^4.17.15"

"@ckeditor/ckeditor5-engine@^29.2.0":
  version "29.2.0"
  resolved "https://registry.yarnpkg.com/@ckeditor/ckeditor5-engine/-/ckeditor5-engine-29.2.0.tgz#9aac280f0cc033e7b19a646cff556867b91d55fc"
  integrity sha512-+YJ5xOpBdT2TsLMm29E9pev5ivQYmQq9GvoNXGGhDi+hbP9cV4itJPMjXKZsQpcitBtDwAwsKjwxi6G8TbKglA==
  dependencies:
    "@ckeditor/ckeditor5-utils" "^29.2.0"
    lodash-es "^4.17.15"

"@ckeditor/ckeditor5-enter@^29.2.0":
  version "29.2.0"
  resolved "https://registry.yarnpkg.com/@ckeditor/ckeditor5-enter/-/ckeditor5-enter-29.2.0.tgz#db04880600ece342ba55383daf116755df82833b"
  integrity sha512-SSzUZ6iTI1Tymgvol/3HEdsOoMnu6GRl0wdBUizMBqP6SkCLU6t+Zdayz/aRNnU9slLXl0pJyz/aD9jR0N6gKg==
  dependencies:
    "@ckeditor/ckeditor5-core" "^29.2.0"
    "@ckeditor/ckeditor5-engine" "^29.2.0"
    "@ckeditor/ckeditor5-utils" "^29.2.0"

"@ckeditor/ckeditor5-essentials@^29.2.0":
  version "29.2.0"
  resolved "https://registry.yarnpkg.com/@ckeditor/ckeditor5-essentials/-/ckeditor5-essentials-29.2.0.tgz#9984fac613f429a94608bb16957b16711718582f"
  integrity sha512-uYuJEMV1ox7KnBUPxsUNNvM96EIXbj3CtU2g9FyPDGHxkjMiAMhluVAUUDHYgC0dbZtGUXM2/xx1u0Ux54K5MA==
  dependencies:
    ckeditor5 "^29.2.0"

"@ckeditor/ckeditor5-heading@^29.2.0":
  version "29.2.0"
  resolved "https://registry.yarnpkg.com/@ckeditor/ckeditor5-heading/-/ckeditor5-heading-29.2.0.tgz#7db87ec874e637017aaf822ff75c8834d8506150"
  integrity sha512-JWJYPwfi/46ekv83o/ckLs4oZFg+84bhOsjdSlSBVZcFeTLsxML7hVJFiUrl/p+clKLM4iM+Ao1K6AZDISPRXA==
  dependencies:
    ckeditor5 "^29.2.0"

"@ckeditor/ckeditor5-image@^29.2.0":
  version "29.2.0"
  resolved "https://registry.yarnpkg.com/@ckeditor/ckeditor5-image/-/ckeditor5-image-29.2.0.tgz#5b07f85b5870d6607f4a5244fde69dc8f430ffe2"
  integrity sha512-TLjFSg5KMHGuDr0UXompW9DuuQUtvsxPXg8N75rrQUgPj9B8yXrX4wrLXBbvgSvS7BMSlBWYjAVGr3Wyn0IEgQ==
  dependencies:
    "@ckeditor/ckeditor5-ui" "^29.2.0"
    ckeditor5 "^29.2.0"
    lodash-es "^4.17.15"

"@ckeditor/ckeditor5-indent@^29.2.0":
  version "29.2.0"
  resolved "https://registry.yarnpkg.com/@ckeditor/ckeditor5-indent/-/ckeditor5-indent-29.2.0.tgz#5f303a3b9b5b9cef74d52c8dc7193943a97d8418"
  integrity sha512-BX2nxSkvwNfIERUIbO9050eTbv+bnEYmKPnow22r2LftQp/Xl4PU7+Xuo5Ay1evh2ZakIGphPqBGnsZ3xvmZRw==
  dependencies:
    ckeditor5 "^29.2.0"

"@ckeditor/ckeditor5-link@^29.2.0":
  version "29.2.0"
  resolved "https://registry.yarnpkg.com/@ckeditor/ckeditor5-link/-/ckeditor5-link-29.2.0.tgz#2f951152ce9be5b90a7751d53f1de2a918f351a3"
  integrity sha512-pgioEuY8q85J+fVVd8r4Giab4pjYZYs1zhcQkDrCXBDZkb4NlSKGEgc2TaR1nkuldTcQ1JXDlby7HVmUsS7PuQ==
  dependencies:
    "@ckeditor/ckeditor5-ui" "^29.2.0"
    ckeditor5 "^29.2.0"
    lodash-es "^4.17.15"

"@ckeditor/ckeditor5-list@^29.2.0":
  version "29.2.0"
  resolved "https://registry.yarnpkg.com/@ckeditor/ckeditor5-list/-/ckeditor5-list-29.2.0.tgz#feb8c52923f9276c3812c8779e109d6e288bba28"
  integrity sha512-9cxHiXKJg827fUM3z5khIKO/7kSLSaXFNtEqP3JSPmm2bMqmUAf5VbSgApUWHgnzT6Yin/D1xKSgxQRkX/lbAg==
  dependencies:
    ckeditor5 "^29.2.0"

"@ckeditor/ckeditor5-media-embed@^29.2.0":
  version "29.2.0"
  resolved "https://registry.yarnpkg.com/@ckeditor/ckeditor5-media-embed/-/ckeditor5-media-embed-29.2.0.tgz#da85752948646acd553ddde7a152bee00ebb50f5"
  integrity sha512-OijakFLlP90xKF4fAzdrsWpBAVyNz1DwWXr1NqKviAjaYMLJiRk4DUGxXDDUzXCPfcJx1d+jY9CcYlRWK7eS+A==
  dependencies:
    "@ckeditor/ckeditor5-ui" "^29.2.0"
    ckeditor5 "^29.2.0"

"@ckeditor/ckeditor5-paragraph@^29.2.0":
  version "29.2.0"
  resolved "https://registry.yarnpkg.com/@ckeditor/ckeditor5-paragraph/-/ckeditor5-paragraph-29.2.0.tgz#ca2360e2deca45da48878d1cab68848f903bf711"
  integrity sha512-SiitWURZBn08ZW3UGyaOqqThIHhMRew87PGVGUlYZH+xh9trTG9uxSYUBImX4W7K/m/zdgyL2u5akjWLV81y/g==
  dependencies:
    "@ckeditor/ckeditor5-core" "^29.2.0"
    "@ckeditor/ckeditor5-ui" "^29.2.0"
    "@ckeditor/ckeditor5-utils" "^29.2.0"

"@ckeditor/ckeditor5-paste-from-office@^29.2.0":
  version "29.2.0"
  resolved "https://registry.yarnpkg.com/@ckeditor/ckeditor5-paste-from-office/-/ckeditor5-paste-from-office-29.2.0.tgz#a8960c041f53edd4bf46b6a483170035943c5f94"
  integrity sha512-c5WQaU/Tdi0cYb+8e6B9SYsOol8pklxL7vUbe1BgknbcIHEdJ+teV49DSIbwi2E4TkyDk1f4Sj1eo+00wOLVHQ==
  dependencies:
    ckeditor5 "^29.2.0"

"@ckeditor/ckeditor5-react@^3.0.2":
  version "3.0.2"
  resolved "https://registry.yarnpkg.com/@ckeditor/ckeditor5-react/-/ckeditor5-react-3.0.2.tgz#257466959cf5c6e16ed3dd3afe860e4c177dd156"
  integrity sha512-hOAREzVUp8dwE8vV8qgxIGBOJzaxCm8N2aEhtbCq6QZbGLW9dckdfGKVmbtgEnCQgueVXEUqfDyUIXM6LtXDHA==
  dependencies:
    prop-types "^15.7.2"

"@ckeditor/ckeditor5-select-all@^29.2.0":
  version "29.2.0"
  resolved "https://registry.yarnpkg.com/@ckeditor/ckeditor5-select-all/-/ckeditor5-select-all-29.2.0.tgz#7d51326a820c139017b06fe0f9a8744949062d8d"
  integrity sha512-GqUQKnNcuT2yQPiZMvOhX4k6bpFsSpUU8wPIt5m991fzO0KcCV42fYFElse9/kajiTn7X4RfybQxIw0abS2ttw==
  dependencies:
    "@ckeditor/ckeditor5-core" "^29.2.0"
    "@ckeditor/ckeditor5-ui" "^29.2.0"
    "@ckeditor/ckeditor5-utils" "^29.2.0"

"@ckeditor/ckeditor5-table@^29.2.0":
  version "29.2.0"
  resolved "https://registry.yarnpkg.com/@ckeditor/ckeditor5-table/-/ckeditor5-table-29.2.0.tgz#737e9e47f0ef862bb8d195f7785b56fffe8ee9c2"
  integrity sha512-Cx6KA6Mz/47Qm/6U7o3K/POxh1BCzrDTHmLrp8JeQvDZRF3bL0vrRN9ftEWMjauTsLAFyJQUx5G2i188mcyuiw==
  dependencies:
    ckeditor5 "^29.2.0"
    lodash-es "^4.17.15"

"@ckeditor/ckeditor5-typing@^29.2.0":
  version "29.2.0"
  resolved "https://registry.yarnpkg.com/@ckeditor/ckeditor5-typing/-/ckeditor5-typing-29.2.0.tgz#6c5859e424834b443dbb4d975f1f4f04242d4c78"
  integrity sha512-Kb+GLR4SlIpvvDINLv+0GmPATlIAIqSHPcBwP7xQUQzhYGgJQXDTexcKI/Lx/mbgXE8mNz1QxUzUtB4od/6Wsw==
  dependencies:
    "@ckeditor/ckeditor5-core" "^29.2.0"
    "@ckeditor/ckeditor5-engine" "^29.2.0"
    "@ckeditor/ckeditor5-utils" "^29.2.0"
    lodash-es "^4.17.15"

"@ckeditor/ckeditor5-ui@^29.2.0":
  version "29.2.0"
  resolved "https://registry.yarnpkg.com/@ckeditor/ckeditor5-ui/-/ckeditor5-ui-29.2.0.tgz#8188ac4c237297b098f94660fb7e409da3cb267d"
  integrity sha512-jxoXDF7QwFOG7OCifYX2yrNb2PNsBhrMnBSxtWGWjMS9c39QXTUBIuzTXcYPOAOVCxzTpZ+yNxuSmJ9eHe8jMg==
  dependencies:
    "@ckeditor/ckeditor5-utils" "^29.2.0"
    ckeditor5 "^29.2.0"
    lodash-es "^4.17.15"

"@ckeditor/ckeditor5-undo@^29.2.0":
  version "29.2.0"
  resolved "https://registry.yarnpkg.com/@ckeditor/ckeditor5-undo/-/ckeditor5-undo-29.2.0.tgz#0e205984e81d78f672c118e83e61bd89e217d403"
  integrity sha512-ADhs5qgou5jG/fW0tMzxeUwVuuNHUpqjLjM2rIjq6Gsb7RlpfhpmZxq6vEKMYfqc1C375fTGA+1kM7KInNU2Cw==
  dependencies:
    "@ckeditor/ckeditor5-core" "^29.2.0"
    "@ckeditor/ckeditor5-engine" "^29.2.0"
    "@ckeditor/ckeditor5-ui" "^29.2.0"

"@ckeditor/ckeditor5-upload@^29.2.0":
  version "29.2.0"
  resolved "https://registry.yarnpkg.com/@ckeditor/ckeditor5-upload/-/ckeditor5-upload-29.2.0.tgz#7087be505ea9485c64ddfaae7fe20109609018b0"
  integrity sha512-w7J1a3HaveOyBZHO4V/XODs2EsJNJkFJS75I3A3P82tBPb1T5gHOtZADQ4SI9kFnLo1CzLq6jU0YeSCwXETy3w==
  dependencies:
    "@ckeditor/ckeditor5-core" "^29.2.0"
    "@ckeditor/ckeditor5-ui" "^29.2.0"
    "@ckeditor/ckeditor5-utils" "^29.2.0"

"@ckeditor/ckeditor5-utils@^29.2.0":
  version "29.2.0"
  resolved "https://registry.yarnpkg.com/@ckeditor/ckeditor5-utils/-/ckeditor5-utils-29.2.0.tgz#8707e2e7cc9a92a6841037d31f58fe1e0c65304e"
  integrity sha512-aTbahSk2W7HTc4g9yggWCYpLcHkJ60mffFAXzt8TPeSDJ3obW/9DoDPz5gwLnCArmmuYFDJf9UOaTpEO6GwwAQ==
  dependencies:
    lodash-es "^4.17.15"

"@ckeditor/ckeditor5-widget@^29.2.0":
  version "29.2.0"
  resolved "https://registry.yarnpkg.com/@ckeditor/ckeditor5-widget/-/ckeditor5-widget-29.2.0.tgz#ebaf3e8ffc266f50afead3e0e1d1ad3d1998ebeb"
  integrity sha512-DuxtXLhQ4jo5471aW9NidzNi/ZU0hIqQOa64Hg18NvLsdqw23mt/yMWgDrxBykygMRdyOQze7EubmhQDbZa95Q==
  dependencies:
    "@ckeditor/ckeditor5-core" "^29.2.0"
    "@ckeditor/ckeditor5-engine" "^29.2.0"
    "@ckeditor/ckeditor5-enter" "^29.2.0"
    "@ckeditor/ckeditor5-typing" "^29.2.0"
    "@ckeditor/ckeditor5-ui" "^29.2.0"
    "@ckeditor/ckeditor5-utils" "^29.2.0"
    lodash-es "^4.17.15"

ckeditor5@^29.2.0:
  version "29.2.0"
  resolved "https://registry.yarnpkg.com/ckeditor5/-/ckeditor5-29.2.0.tgz#5c23a475cd50553b2a586dad2818f4ab09818723"
  integrity sha512-S0nNmgLbf/Z23bXeuKIe2KeTyWuz7Pt/SnQy13baqAGoBJblBFVG9fdylS7GxCaJmPqJE0dT4RN9rni0LvgGyg==
  dependencies:
    "@ckeditor/ckeditor5-clipboard" "^29.2.0"
    "@ckeditor/ckeditor5-core" "^29.2.0"
    "@ckeditor/ckeditor5-engine" "^29.2.0"
    "@ckeditor/ckeditor5-enter" "^29.2.0"
    "@ckeditor/ckeditor5-paragraph" "^29.2.0"
    "@ckeditor/ckeditor5-select-all" "^29.2.0"
    "@ckeditor/ckeditor5-typing" "^29.2.0"
    "@ckeditor/ckeditor5-ui" "^29.2.0"
    "@ckeditor/ckeditor5-undo" "^29.2.0"
    "@ckeditor/ckeditor5-upload" "^29.2.0"
    "@ckeditor/ckeditor5-utils" "^29.2.0"
    "@ckeditor/ckeditor5-widget" "^29.2.0"

"js-tokens@^3.0.0 || ^4.0.0":
  version "4.0.0"
  resolved "https://registry.yarnpkg.com/js-tokens/-/js-tokens-4.0.0.tgz#19203fb59991df98e3a287050d4647cdeaf32499"
  integrity sha512-RdJUflcE3cUzKiMqQgsCu06FPu9UdIJO0beYbPhHN4k6apgJtifcoCtT9bcxOpYBtpD2kCM6Sbzg4CausW/PKQ==

lodash-es@^4.17.11, lodash-es@^4.17.15:
  version "4.17.21"
  resolved "https://registry.yarnpkg.com/lodash-es/-/lodash-es-4.17.21.tgz#43e626c46e6591b7750beb2b50117390c609e3ee"
  integrity sha512-mKnC+QJ9pWVzv+C4/U3rRsHapFfHvQFoFB92e52xeyGMcX6/OlIl78je1u8vePzYZSkkogMPJ2yjxxsb89cxyw==

loose-envify@^1.4.0:
  version "1.4.0"
  resolved "https://registry.yarnpkg.com/loose-envify/-/loose-envify-1.4.0.tgz#71ee51fa7be4caec1a63839f7e682d8132d30caf"
  integrity sha512-lyuxPGr/Wfhrlem2CL/UcnUc1zcqKAImBDzukY7Y5F/yQiNdko6+fRLevlw1HgMySw7f611UIY408EtxRSoK3Q==
  dependencies:
    js-tokens "^3.0.0 || ^4.0.0"

object-assign@^4.1.1:
  version "4.1.1"
  resolved "https://registry.yarnpkg.com/object-assign/-/object-assign-4.1.1.tgz#2109adc7965887cfc05cbbd442cac8bfbb360863"
  integrity sha1-IQmtx5ZYh8/AXLvUQsrIv7s2CGM=

prop-types@^15.7.2:
  version "15.7.2"
  resolved "https://registry.yarnpkg.com/prop-types/-/prop-types-15.7.2.tgz#52c41e75b8c87e72b9d9360e0206b99dcbffa6c5"
  integrity sha512-8QQikdH7//R2vurIJSutZ1smHYTcLpRWEOlHnzcWHmBYrOGUysKwSsrC89BCiFj3CbrfJ/nXFdJepOVrY1GCHQ==
  dependencies:
    loose-envify "^1.4.0"
    object-assign "^4.1.1"
    react-is "^16.8.1"

react-is@^16.8.1:
  version "16.13.1"
  resolved "https://registry.yarnpkg.com/react-is/-/react-is-16.13.1.tgz#789729a4dc36de2999dc156dd6c1d9c18cea56a4"
  integrity sha512-24e6ynE2H+OKt4kqsOvNd8kBpV65zoxbA4BVsEOB3ARVWQki/DHzaUoC5KuON/BiccDaCCTZBuOcfZs70kR8bQ==
